
Microsoft Visual Studio Solution File, Format Version 12.00
# Visual Studio 15
VisualStudioVersion = 15.0.26730.3
MinimumVisualStudioVersion = 10.0.40219.1
Project("{FAE04EC0-301F-11D3-BF4B-00C04F79EFBC}") = "poolpro_mvc", "poolpro_mvc\poolpro_mvc.csproj", "{1B0B4B2D-6913-413B-925D-4A100554AEEB}"
EndProject
Global
	GlobalSection(SolutionConfigurationPlatforms) = preSolution
		Debug|Any CPU = Debug|Any CPU
		Release|Any CPU = Release|Any CPU
	EndGlobalSection
	GlobalSection(ProjectConfigurationPlatforms) = postSolution
		{1B0B4B2D-6913-413B-925D-4A100554AEEB}.Debug|Any CPU.ActiveCfg = Debug|Any CPU
		{1B0B4B2D-6913-413B-925D-4A100554AEEB}.Debug|Any CPU.Build.0 = Debug|Any CPU
		{1B0B4B2D-6913-413B-925D-4A100554AEEB}.Release|Any CPU.ActiveCfg = Release|Any CPU
		{1B0B4B2D-6913-413B-925D-4A100554AEEB}.Release|Any CPU.Build.0 = Release|Any CPU
	EndGlobalSection
	GlobalSection(SolutionProperties) = preSolution
		HideSolutionNode = FALSE
	EndGlobalSection
	GlobalSection(ExtensibilityGlobals) = postSolution
		SolutionGuid = {D0C5BD11-CCB3-40ED-A679-FBCB1B28D7A8}
	EndGlobalSection
EndGlobal
